
Microsoft Visual Studio Solution File, Format Version 12.00
# Visual Studio Version 17
VisualStudioVersion = 17.5.33530.505
MinimumVisualStudioVersion = 10.0.40219.1
Project("{FAE04EC0-301F-11D3-BF4B-00C04F79EFBC}") = "YEGNA-BETS", "YEGNA-BETS.csproj", "{F206425A-5AC7-47A7-952A-2605D8B15DEB}"
EndProject
Global
	GlobalSection(SolutionConfigurationPlatforms) = preSolution
		Debug|Any CPU = Debug|Any CPU
		Release|Any CPU = Release|Any CPU
	EndGlobalSection
	GlobalSection(ProjectConfigurationPlatforms) = postSolution
		{F206425A-5AC7-47A7-952A-2605D8B15DEB}.Debug|Any CPU.ActiveCfg = Debug|Any CPU
		{F206425A-5AC7-47A7-952A-2605D8B15DEB}.Debug|Any CPU.Build.0 = Debug|Any CPU
		{F206425A-5AC7-47A7-952A-2605D8B15DEB}.Release|Any CPU.ActiveCfg = Release|Any CPU
		{F206425A-5AC7-47A7-952A-2605D8B15DEB}.Release|Any CPU.Build.0 = Release|Any CPU
	EndGlobalSection
	GlobalSection(SolutionProperties) = preSolution
		HideSolutionNode = FALSE
	EndGlobalSection
	GlobalSection(ExtensibilityGlobals) = postSolution
		SolutionGuid = {03F09EDE-BDD2-499B-BD0B-5017172BD5D7}
	EndGlobalSection
EndGlobal
